// !$*UTF8*$!
{
	archiveVersion = 1;
	classes = {
	};
	objectVersion = 46;
	objects = {

/* Begin PBXBuildFile section */
		4F190CE61F14C9F100BF4519 /* main.m in Sources */ = {isa = PBXBuildFile; fileRef = 4F190CE51F14C9F100BF4519 /* main.m */; };
		4F190CE91F14C9F100BF4519 /* AppDelegate.m in Sources */ = {isa = PBXBuildFile; fileRef = 4F190CE81F14C9F100BF4519 /* AppDelegate.m */; };
		4F190CEC1F14C9F100BF4519 /* ViewController.m in Sources */ = {isa = PBXBuildFile; fileRef = 4F190CEB1F14C9F100BF4519 /* ViewController.m */; };
		4F190CEF1F14C9F100BF4519 /* Main.storyboard in Resources */ = {isa = PBXBuildFile; fileRef = 4F190CED1F14C9F100BF4519 /* Main.storyboard */; };
		4F190CF11F14C9F100BF4519 /* Assets.xcassets in Resources */ = {isa = PBXBuildFile; fileRef = 4F190CF01F14C9F100BF4519 /* Assets.xcassets */; };
		4F190CF41F14C9F100BF4519 /* LaunchScreen.storyboard in Resources */ = {isa = PBXBuildFile; fileRef = 4F190CF21F14C9F100BF4519 /* LaunchScreen.storyboard */; };
		4F190CFF1F14C9F100BF4519 /* AFPopUpMenuTests.m in Sources */ = {isa = PBXBuildFile; fileRef = 4F190CFE1F14C9F100BF4519 /* AFPopUpMenuTests.m */; };
		4F190D0A1F14C9F100BF4519 /* AFPopUpMenuUITests.m in Sources */ = {isa = PBXBuildFile; fileRef = 4F190D091F14C9F100BF4519 /* AFPopUpMenuUITests.m */; };
		4F190D191F14CA1C00BF4519 /* AFPopUpMenu.m in Sources */ = {isa = PBXBuildFile; fileRef = 4F190D181F14CA1C00BF4519 /* AFPopUpMenu.m */; };
/* End PBXBuildFile section */

/* Begin PBXContainerItemProxy section */
		4F190CFB1F14C9F100BF4519 /* PBXContainerItemProxy */ = {
			isa = PBXContainerItemProxy;
			containerPortal = 4F190CD91F14C9F100BF4519 /* Project object */;
			proxyType = 1;
			remoteGlobalIDString = 4F190CE01F14C9F100BF4519;
			remoteInfo = AFPopUpMenu;
		};
		4F190D061F14C9F100BF4519 /* PBXContainerItemProxy */ = {
			isa = PBXContainerItemProxy;
			containerPortal = 4F190CD91F14C9F100BF4519 /* Project object */;
			proxyType = 1;
			remoteGlobalIDString = 4F190CE01F14C9F100BF4519;
			remoteInfo = AFPopUpMenu;
		};
/* End PBXContainerItemProxy section */

/* Begin PBXFileReference section */
		4F190CE11F14C9F100BF4519 /* AFPopUpMenu.app */ = {isa = PBXFileReference; explicitFileType = wrapper.application; includeInIndex = 0; path = AFPopUpMenu.app; sourceTree = BUILT_PRODUCTS_DIR; };
		4F190CE51F14C9F100BF4519 /* main.m */ = {isa = PBXFileReference; lastKnownFileType = sourcecode.c.objc; path = main.m; sourceTree = "<group>"; };
		4F190CE71F14C9F100BF4519 /* AppDelegate.h */ = {isa = PBXFileReference; lastKnownFileType = sourcecode.c.h; path = AppDelegate.h; sourceTree = "<group>"; };
		4F190CE81F14C9F100BF4519 /* AppDelegate.m */ = {isa = PBXFileReference; lastKnownFileType = sourcecode.c.objc; path = AppDelegate.m; sourceTree = "<group>"; };
		4F190CEA1F14C9F100BF4519 /* ViewController.h */ = {isa = PBXFileReference; lastKnownFileType = sourcecode.c.h; path = ViewController.h; sourceTree = "<group>"; };
		4F190CEB1F14C9F100BF4519 /* ViewController.m */ = {isa = PBXFileReference; lastKnownFileType = sourcecode.c.objc; path = ViewController.m; sourceTree = "<group>"; };
		4F190CEE1F14C9F100BF4519 /* Base */ = {isa = PBXFileReference; lastKnownFileType = file.storyboard; name = Base; path = Base.lproj/Main.storyboard; sourceTree = "<group>"; };
		4F190CF01F14C9F100BF4519 /* Assets.xcassets */ = {isa = PBXFileReference; lastKnownFileType = folder.assetcatalog; path = Assets.xcassets; sourceTree = "<group>"; };
		4F190CF31F14C9F100BF4519 /* Base */ = {isa = PBXFileReference; lastKnownFileType = file.storyboard; name = Base; path = Base.lproj/LaunchScreen.storyboard; sourceTree = "<group>"; };
		4F190CF51F14C9F100BF4519 /* Info.plist */ = {isa = PBXFileReference; lastKnownFileType = text.plist.xml; path = Info.plist; sourceTree = "<group>"; };
		4F190CFA1F14C9F100BF4519 /* AFPopUpMenuTests.xctest */ = {isa = PBXFileReference; explicitFileType = wrapper.cfbundle; includeInIndex = 0; path = AFPopUpMenuTests.xctest; sourceTree = BUILT_PRODUCTS_DIR; };
		4F190CFE1F14C9F100BF4519 /* AFPopUpMenuTests.m */ = {isa = PBXFileReference; lastKnownFileType = sourcecode.c.objc; path = AFPopUpMenuTests.m; sourceTree = "<group>"; };
		4F190D001F14C9F100BF4519 /* Info.plist */ = {isa = PBXFileReference; lastKnownFileType = text.plist.xml; path = Info.plist; sourceTree = "<group>"; };
		4F190D051F14C9F100BF4519 /* AFPopUpMenuUITests.xctest */ = {isa = PBXFileReference; explicitFileType = wrapper.cfbundle; includeInIndex = 0; path = AFPopUpMenuUITests.xctest; sourceTree = BUILT_PRODUCTS_DIR; };
		4F190D091F14C9F100BF4519 /* AFPopUpMenuUITests.m */ = {isa = PBXFileReference; lastKnownFileType = sourcecode.c.objc; path = AFPopUpMenuUITests.m; sourceTree = "<group>"; };
		4F190D0B1F14C9F100BF4519 /* Info.plist */ = {isa = PBXFileReference; lastKnownFileType = text.plist.xml; path = Info.plist; sourceTree = "<group>"; };
		4F190D171F14CA1C00BF4519 /* AFPopUpMenu.h */ = {isa = PBXFileReference; fileEncoding = 4; lastKnownFileType = sourcecode.c.h; path = AFPopUpMenu.h; sourceTree = "<group>"; };
		4F190D181F14CA1C00BF4519 /* AFPopUpMenu.m */ = {isa = PBXFileReference; fileEncoding = 4; lastKnownFileType = sourcecode.c.objc; path = AFPopUpMenu.m; sourceTree = "<group>"; };
/* End PBXFileReference section */

/* Begin PBXFrameworksBuildPhase section */
		4F190CDE1F14C9F100BF4519 /* Frameworks */ = {
			isa = PBXFrameworksBuildPhase;
			buildActionMask = 2147483647;
			files = (
			);
			runOnlyForDeploymentPostprocessing = 0;
		};
		4F190CF71F14C9F100BF4519 /* Frameworks */ = {
			isa = PBXFrameworksBuildPhase;
			buildActionMask = 2147483647;
			files = (
			);
			runOnlyForDeploymentPostprocessing = 0;
		};
		4F190D021F14C9F100BF4519 /* Frameworks */ = {
			isa = PBXFrameworksBuildPhase;
			buildActionMask = 2147483647;
			files = (
			);
			runOnlyForDeploymentPostprocessing = 0;
		};
/* End PBXFrameworksBuildPhase section */

/* Begin PBXGroup section */
		4F190CD81F14C9F100BF4519 = {
			isa = PBXGroup;
			children = (
				4F190CE31F14C9F100BF4519 /* AFPopUpMenu */,
				4F190CFD1F14C9F100BF4519 /* AFPopUpMenuTests */,
				4F190D081F14C9F100BF4519 /* AFPopUpMenuUITests */,
				4F190CE21F14C9F100BF4519 /* Products */,
			);
			sourceTree = "<group>";
		};
		4F190CE21F14C9F100BF4519 /* Products */ = {
			isa = PBXGroup;
			children = (
				4F190CE11F14C9F100BF4519 /* AFPopUpMenu.app */,
				4F190CFA1F14C9F100BF4519 /* AFPopUpMenuTests.xctest */,
				4F190D051F14C9F100BF4519 /* AFPopUpMenuUITests.xctest */,
			);
			name = Products;
			sourceTree = "<group>";
		};
		4F190CE31F14C9F100BF4519 /* AFPopUpMenu */ = {
			isa = PBXGroup;
			children = (
				4F190CEA1F14C9F100BF4519 /* ViewController.h */,
				4F190CEB1F14C9F100BF4519 /* ViewController.m */,
				4F190D171F14CA1C00BF4519 /* AFPopUpMenu.h */,
				4F190D181F14CA1C00BF4519 /* AFPopUpMenu.m */,
				4F190CE41F14C9F100BF4519 /* Supporting Files */,
			);
			path = AFPopUpMenu;
			sourceTree = "<group>";
		};
		4F190CE41F14C9F100BF4519 /* Supporting Files */ = {
			isa = PBXGroup;
			children = (
				4F190CE71F14C9F100BF4519 /* AppDelegate.h */,
				4F190CE81F14C9F100BF4519 /* AppDelegate.m */,
				4F190CED1F14C9F100BF4519 /* Main.storyboard */,
				4F190CF01F14C9F100BF4519 /* Assets.xcassets */,
				4F190CF21F14C9F100BF4519 /* LaunchScreen.storyboard */,
				4F190CF51F14C9F100BF4519 /* Info.plist */,
				4F190CE51F14C9F100BF4519 /* main.m */,
			);
			name = "Supporting Files";
			sourceTree = "<group>";
		};
		4F190CFD1F14C9F100BF4519 /* AFPopUpMenuTests */ = {
			isa = PBXGroup;
			children = (
				4F190CFE1F14C9F100BF4519 /* AFPopUpMenuTests.m */,
				4F190D001F14C9F100BF4519 /* Info.plist */,
			);
			path = AFPopUpMenuTests;
			sourceTree = "<group>";
		};
		4F190D081F14C9F100BF4519 /* AFPopUpMenuUITests */ = {
			isa = PBXGroup;
			children = (
				4F190D091F14C9F100BF4519 /* AFPopUpMenuUITests.m */,
				4F190D0B1F14C9F100BF4519 /* Info.plist */,
			);
			path = AFPopUpMenuUITests;
			sourceTree = "<group>";
		};
/* End PBXGroup section */

/* Begin PBXNativeTarget section */
		4F190CE01F14C9F100BF4519 /* AFPopUpMenu */ = {
			isa = PBXNativeTarget;
			buildConfigurationList = 4F190D0E1F14C9F100BF4519 /* Build configuration list for PBXNativeTarget "AFPopUpMenu" */;
			buildPhases = (
				4F190CDD1F14C9F100BF4519 /* Sources */,
				4F190CDE1F14C9F100BF4519 /* Frameworks */,
				4F190CDF1F14C9F100BF4519 /* Resources */,
			);
			buildRules = (
			);
			dependencies = (
			);
			name = AFPopUpMenu;
			productName = AFPopUpMenu;
			productReference = 4F190CE11F14C9F100BF4519 /* AFPopUpMenu.app */;
			productType = "com.apple.product-type.application";
		};
		4F190CF91F14C9F100BF4519 /* AFPopUpMenuTests */ = {
			isa = PBXNativeTarget;
			buildConfigurationList = 4F190D111F14C9F100BF4519 /* Build configuration list for PBXNativeTarget "AFPopUpMenuTests" */;
			buildPhases = (
				4F190CF61F14C9F100BF4519 /* Sources */,
				4F190CF71F14C9F100BF4519 /* Frameworks */,
				4F190CF81F14C9F100BF4519 /* Resources */,
			);
			buildRules = (
			);
			dependencies = (
				4F190CFC1F14C9F100BF4519 /* PBXTargetDependency */,
			);
			name = AFPopUpMenuTests;
			productName = AFPopUpMenuTests;
			productReference = 4F190CFA1F14C9F100BF4519 /* AFPopUpMenuTests.xctest */;
			productType = "com.apple.product-type.bundle.unit-test";
		};
		4F190D041F14C9F100BF4519 /* AFPopUpMenuUITests */ = {
			isa = PBXNativeTarget;
			buildConfigurationList = 4F190D141F14C9F100BF4519 /* Build configuration list for PBXNativeTarget "AFPopUpMenuUITests" */;
			buildPhases = (
				4F190D011F14C9F100BF4519 /* Sources */,
				4F190D021F14C9F100BF4519 /* Frameworks */,
				4F190D031F14C9F100BF4519 /* Resources */,
			);
			buildRules = (
			);
			dependencies = (
				4F190D071F14C9F100BF4519 /* PBXTargetDependency */,
			);
			name = AFPopUpMenuUITests;
			productName = AFPopUpMenuUITests;
			productReference = 4F190D051F14C9F100BF4519 /* AFPopUpMenuUITests.xctest */;
			productType = "com.apple.product-type.bundle.ui-testing";
		};
/* End PBXNativeTarget section */

/* Begin PBXProject section */
		4F190CD91F14C9F100BF4519 /* Project object */ = {
			isa = PBXProject;
			attributes = {
				LastUpgradeCheck = 0830;
				ORGANIZATIONNAME = zhangfeng;
				TargetAttributes = {
					4F190CE01F14C9F100BF4519 = {
						CreatedOnToolsVersion = 8.3.2;
						DevelopmentTeam = RJT642S52S;
						ProvisioningStyle = Automatic;
					};
					4F190CF91F14C9F100BF4519 = {
						CreatedOnToolsVersion = 8.3.2;
						DevelopmentTeam = RJT642S52S;
						ProvisioningStyle = Automatic;
						TestTargetID = 4F190CE01F14C9F100BF4519;
					};
					4F190D041F14C9F100BF4519 = {
						CreatedOnToolsVersion = 8.3.2;
						DevelopmentTeam = RJT642S52S;
						ProvisioningStyle = Automatic;
						TestTargetID = 4F190CE01F14C9F100BF4519;
					};
				};
			};
			buildConfigurationList = 4F190CDC1F14C9F100BF4519 /* Build configuration list for PBXProject "AFPopUpMenu" */;
			compatibilityVersion = "Xcode 3.2";
			developmentRegion = English;
			hasScannedForEncodings = 0;
			knownRegions = (
				en,
				Base,
			);
			mainGroup = 4F190CD81F14C9F100BF4519;
			productRefGroup = 4F190CE21F14C9F100BF4519 /* Products */;
			projectDirPath = "";
			projectRoot = "";
			targets = (
				4F190CE01F14C9F100BF4519 /* AFPopUpMenu */,
				4F190CF91F14C9F100BF4519 /* AFPopUpMenuTests */,
				4F190D041F14C9F100BF4519 /* AFPopUpMenuUITests */,
			);
		};
/* End PBXProject section */

/* Begin PBXResourcesBuildPhase section */
		4F190CDF1F14C9F100BF4519 /* Resources */ = {
			isa = PBXResourcesBuildPhase;
			buildActionMask = 2147483647;
			files = (
				4F190CF41F14C9F100BF4519 /* LaunchScreen.storyboard in Resources */,
				4F190CF11F14C9F100BF4519 /* Assets.xcassets in Resources */,
				4F190CEF1F14C9F100BF4519 /* Main.storyboard in Resources */,
			);
			runOnlyForDeploymentPostprocessing = 0;
		};
		4F190CF81F14C9F100BF4519 /* Resources */ = {
			isa = PBXResourcesBuildPhase;
			buildActionMask = 2147483647;
			files = (
			);
			runOnlyForDeploymentPostprocessing = 0;
		};
		4F190D031F14C9F100BF4519 /* Resources */ = {
			isa = PBXResourcesBuildPhase;
			buildActionMask = 2147483647;
			files = (
			);
			runOnlyForDeploymentPostprocessing = 0;
		};
/* End PBXResourcesBuildPhase section */

/* Begin PBXSourcesBuildPhase section */
		4F190CDD1F14C9F100BF4519 /* Sources */ = {
			isa = PBXSourcesBuildPhase;
			buildActionMask = 2147483647;
			files = (
				4F190CEC1F14C9F100BF4519 /* ViewController.m in Sources */,
				4F190CE91F14C9F100BF4519 /* AppDelegate.m in Sources */,
				4F190D191F14CA1C00BF4519 /* AFPopUpMenu.m in Sources */,
				4F190CE61F14C9F100BF4519 /* main.m in Sources */,
			);
			runOnlyForDeploymentPostprocessing = 0;
		};
		4F190CF61F14C9F100BF4519 /* Sources */ = {
			isa = PBXSourcesBuildPhase;
			buildActionMask = 2147483647;
			files = (
				4F190CFF1F14C9F100BF4519 /* AFPopUpMenuTests.m in Sources */,
			);
			runOnlyForDeploymentPostprocessing = 0;
		};
		4F190D011F14C9F100BF4519 /* Sources */ = {
			isa = PBXSourcesBuildPhase;
			buildActionMask = 2147483647;
			files = (
				4F190D0A1F14C9F100BF4519 /* AFPopUpMenuUITests.m in Sources */,
			);
			runOnlyForDeploymentPostprocessing = 0;
		};
/* End PBXSourcesBuildPhase section */

/* Begin PBXTargetDependency section */
		4F190CFC1F14C9F100BF4519 /* PBXTargetDependency */ = {
			isa = PBXTargetDependency;
			target = 4F190CE01F14C9F100BF4519 /* AFPopUpMenu */;
			targetProxy = 4F190CFB1F14C9F100BF4519 /* PBXContainerItemProxy */;
		};
		4F190D071F14C9F100BF4519 /* PBXTargetDependency */ = {
			isa = PBXTargetDependency;
			target = 4F190CE01F14C9F100BF4519 /* AFPopUpMenu */;
			targetProxy = 4F190D061F14C9F100BF4519 /* PBXContainerItemProxy */;
		};
/* End PBXTargetDependency section */

/* Begin PBXVariantGroup section */
		4F190CED1F14C9F100BF4519 /* Main.storyboard */ = {
			isa = PBXVariantGroup;
			children = (
				4F190CEE1F14C9F100BF4519 /* Base */,
			);
			name = Main.storyboard;
			sourceTree = "<group>";
		};
		4F190CF21F14C9F100BF4519 /* LaunchScreen.storyboard */ = {
			isa = PBXVariantGroup;
			children = (
				4F190CF31F14C9F100BF4519 /* Base */,
			);
			name = LaunchScreen.storyboard;
			sourceTree = "<group>";
		};
/* End PBXVariantGroup section */

/* Begin XCBuildConfiguration section */
		4F190D0C1F14C9F100BF4519 /* Debug */ = {
			isa = XCBuildConfiguration;
			buildSettings = {
				ALWAYS_SEARCH_USER_PATHS = NO;
				CLANG_ANALYZER_NONNULL = YES;
				CLANG_ANALYZER_NUMBER_OBJECT_CONVERSION = YES_AGGRESSIVE;
				CLANG_CXX_LANGUAGE_STANDARD = "gnu++0x";
				CLANG_CXX_LIBRARY = "libc++";
				CLANG_ENABLE_MODULES = YES;
				CLANG_ENABLE_OBJC_ARC = YES;
				CLANG_WARN_BOOL_CONVERSION = YES;
				CLANG_WARN_CONSTANT_CONVERSION = YES;
				CLANG_WARN_DIRECT_OBJC_ISA_USAGE = YES_ERROR;
				CLANG_WARN_DOCUMENTATION_COMMENTS = YES;
				CLANG_WARN_EMPTY_BODY = YES;
				CLANG_WARN_ENUM_CONVERSION = YES;
				CLANG_WARN_INFINITE_RECURSION = YES;
				CLANG_WARN_INT_CONVERSION = YES;
				CLANG_WARN_OBJC_ROOT_CLASS = YES_ERROR;
				CLANG_WARN_SUSPICIOUS_MOVE = YES;
				CLANG_WARN_UNREACHABLE_CODE = YES;
				CLANG_WARN__DUPLICATE_METHOD_MATCH = YES;
				"CODE_SIGN_IDENTITY[sdk=iphoneos*]" = "iPhone Developer";
				COPY_PHASE_STRIP = NO;
				DEBUG_INFORMATION_FORMAT = dwarf;
				ENABLE_STRICT_OBJC_MSGSEND = YES;
				ENABLE_TESTABILITY = YES;
				GCC_C_LANGUAGE_STANDARD = gnu99;
				GCC_DYNAMIC_NO_PIC = NO;
				GCC_NO_COMMON_BLOCKS = YES;
				GCC_OPTIMIZATION_LEVEL = 0;
				GCC_PREPROCESSOR_DEFINITIONS = (
					"DEBUG=1",
					"$(inherited)",
				);
				GCC_WARN_64_TO_32_BIT_CONVERSION = YES;
				GCC_WARN_ABOUT_RETURN_TYPE = YES_ERROR;
				GCC_WARN_UNDECLARED_SELECTOR = YES;
				GCC_WARN_UNINITIALIZED_AUTOS = YES_AGGRESSIVE;
				GCC_WARN_UNUSED_FUNCTION = YES;
				GCC_WARN_UNUSED_VARIABLE = YES;
				IPHONEOS_DEPLOYMENT_TARGET = 10.3;
				MTL_ENABLE_DEBUG_INFO = YES;
				ONLY_ACTIVE_ARCH = YES;
				SDKROOT = iphoneos;
				TARGETED_DEVICE_FAMILY = "1,2";
			};
			name = Debug;
		};
		4F190D0D1F14C9F100BF4519 /* Release */ = {
			isa = XCBuildConfiguration;
			buildSettings = {
				ALWAYS_SEARCH_USER_PATHS = NO;
				CLANG_ANALYZER_NONNULL = YES;
				CLANG_ANALYZER_NUMBER_OBJECT_CONVERSION = YES_AGGRESSIVE;
				CLANG_CXX_LANGUAGE_STANDARD = "gnu++0x";
				CLANG_CXX_LIBRARY = "libc++";
				CLANG_ENABLE_MODULES = YES;
				CLANG_ENABLE_OBJC_ARC = YES;
				CLANG_WARN_BOOL_CONVERSION = YES;
				CLANG_WARN_CONSTANT_CONVERSION = YES;
				CLANG_WARN_DIRECT_OBJC_ISA_USAGE = YES_ERROR;
				CLANG_WARN_DOCUMENTATION_COMMENTS = YES;
				CLANG_WARN_EMPTY_BODY = YES;
				CLANG_WARN_ENUM_CONVERSION = YES;
				CLANG_WARN_INFINITE_RECURSION = YES;
				CLANG_WARN_INT_CONVERSION = YES;
				CLANG_WARN_OBJC_ROOT_CLASS = YES_ERROR;
				CLANG_WARN_SUSPICIOUS_MOVE = YES;
				CLANG_WARN_UNREACHABLE_CODE = YES;
				CLANG_WARN__DUPLICATE_METHOD_MATCH = YES;
				"CODE_SIGN_IDENTITY[sdk=iphoneos*]" = "iPhone Developer";
				COPY_PHASE_STRIP = NO;
				DEBUG_INFORMATION_FORMAT = "dwarf-with-dsym";
				ENABLE_NS_ASSERTIONS = NO;
				ENABLE_STRICT_OBJC_MSGSEND = YES;
				GCC_C_LANGUAGE_STANDARD = gnu99;
				GCC_NO_COMMON_BLOCKS = YES;
				GCC_WARN_64_TO_32_BIT_CONVERSION = YES;
				GCC_WARN_ABOUT_RETURN_TYPE = YES_ERROR;
				GCC_WARN_UNDECLARED_SELECTOR = YES;
				GCC_WARN_UNINITIALIZED_AUTOS = YES_AGGRESSIVE;
				GCC_WARN_UNUSED_FUNCTION = YES;
				GCC_WARN_UNUSED_VARIABLE = YES;
				IPHONEOS_DEPLOYMENT_TARGET = 10.3;
				MTL_ENABLE_DEBUG_INFO = NO;
				SDKROOT = iphoneos;
				TARGETED_DEVICE_FAMILY = "1,2";
				VALIDATE_PRODUCT = YES;
			};
			name = Release;
		};
		4F190D0F1F14C9F100BF4519 /* Debug */ = {
			isa = XCBuildConfiguration;
			buildSettings = {
				ASSETCATALOG_COMPILER_APPICON_NAME = AppIcon;
				DEVELOPMENT_TEAM = RJT642S52S;
				INFOPLIST_FILE = AFPopUpMenu/Info.plist;
				LD_RUNPATH_SEARCH_PATHS = "$(inherited) @executable_path/Frameworks";
				PRODUCT_BUNDLE_IDENTIFIER = com.xam.AFPopUpMenu;
				PRODUCT_NAME = "$(TARGET_NAME)";
			};
			name = Debug;
		};
		4F190D101F14C9F100BF4519 /* Release */ = {
			isa = XCBuildConfiguration;
			buildSettings = {
				ASSETCATALOG_COMPILER_APPICON_NAME = AppIcon;
				DEVELOPMENT_TEAM = RJT642S52S;
				INFOPLIST_FILE = AFPopUpMenu/Info.plist;
				LD_RUNPATH_SEARCH_PATHS = "$(inherited) @executable_path/Frameworks";
				PRODUCT_BUNDLE_IDENTIFIER = com.xam.AFPopUpMenu;
				PRODUCT_NAME = "$(TARGET_NAME)";
			};
			name = Release;
		};
		4F190D121F14C9F100BF4519 /* Debug */ = {
			isa = XCBuildConfiguration;
			buildSettings = {
				BUNDLE_LOADER = "$(TEST_HOST)";
				DEVELOPMENT_TEAM = RJT642S52S;
				INFOPLIST_FILE = AFPopUpMenuTests/Info.plist;
				LD_RUNPATH_SEARCH_PATHS = "$(inherited) @executable_path/Frameworks @loader_path/Frameworks";
				PRODUCT_BUNDLE_IDENTIFIER = com.xam.AFPopUpMenuTests;
				PRODUCT_NAME = "$(TARGET_NAME)";
				TEST_HOST = "$(BUILT_PRODUCTS_DIR)/AFPopUpMenu.app/AFPopUpMenu";
			};
			name = Debug;
		};
		4F190D131F14C9F100BF4519 /* Release */ = {
			isa = XCBuildConfiguration;
			buildSettings = {
				BUNDLE_LOADER = "$(TEST_HOST)";
				DEVELOPMENT_TEAM = RJT642S52S;
				INFOPLIST_FILE = AFPopUpMenuTests/Info.plist;
				LD_RUNPATH_SEARCH_PATHS = "$(inherited) @executable_path/Frameworks @loader_path/Frameworks";
				PRODUCT_BUNDLE_IDENTIFIER = com.xam.AFPopUpMenuTests;
				PRODUCT_NAME = "$(TARGET_NAME)";
				TEST_HOST = "$(BUILT_PRODUCTS_DIR)/AFPopUpMenu.app/AFPopUpMenu";
			};
			name = Release;
		};
		4F190D151F14C9F100BF4519 /* Debug */ = {
			isa = XCBuildConfiguration;
			buildSettings = {
				DEVELOPMENT_TEAM = RJT642S52S;
				INFOPLIST_FILE = AFPopUpMenuUITests/Info.plist;
				LD_RUNPATH_SEARCH_PATHS = "$(inherited) @executable_path/Frameworks @loader_path/Frameworks";
				PRODUCT_BUNDLE_IDENTIFIER = com.xam.AFPopUpMenuUITests;
				PRODUCT_NAME = "$(TARGET_NAME)";
				TEST_TARGET_NAME = AFPopUpMenu;
			};
			name = Debug;
		};
		4F190D161F14C9F100BF4519 /* Release */ = {
			isa = XCBuildConfiguration;
			buildSettings = {
				DEVELOPMENT_TEAM = RJT642S52S;
				INFOPLIST_FILE = AFPopUpMenuUITests/Info.plist;
				LD_RUNPATH_SEARCH_PATHS = "$(inherited) @executable_path/Frameworks @loader_path/Frameworks";
				PRODUCT_BUNDLE_IDENTIFIER = com.xam.AFPopUpMenuUITests;
				PRODUCT_NAME = "$(TARGET_NAME)";
				TEST_TARGET_NAME = AFPopUpMenu;
			};
			name = Release;
		};
/* End XCBuildConfiguration section */

/* Begin XCConfigurationList section */
		4F190CDC1F14C9F100BF4519 /* Build configuration list for PBXProject "AFPopUpMenu" */ = {
			isa = XCConfigurationList;
			buildConfigurations = (
				4F190D0C1F14C9F100BF4519 /* Debug */,
				4F190D0D1F14C9F100BF4519 /* Release */,
			);
			defaultConfigurationIsVisible = 0;
			defaultConfigurationName = Release;
		};
		4F190D0E1F14C9F100BF4519 /* Build configuration list for PBXNativeTarget "AFPopUpMenu" */ = {
			isa = XCConfigurationList;
			buildConfigurations = (
				4F190D0F1F14C9F100BF4519 /* Debug */,
				4F190D101F14C9F100BF4519 /* Release */,
			);
			defaultConfigurationIsVisible = 0;
			defaultConfigurationName = Release;
		};
		4F190D111F14C9F100BF4519 /* Build configuration list for PBXNativeTarget "AFPopUpMenuTests" */ = {
			isa = XCConfigurationList;
			buildConfigurations = (
				4F190D121F14C9F100BF4519 /* Debug */,
				4F190D131F14C9F100BF4519 /* Release */,
			);
			defaultConfigurationIsVisible = 0;
			defaultConfigurationName = Release;
		};
		4F190D141F14C9F100BF4519 /* Build configuration list for PBXNativeTarget "AFPopUpMenuUITests" */ = {
			isa = XCConfigurationList;
			buildConfigurations = (
				4F190D151F14C9F100BF4519 /* Debug */,
				4F190D161F14C9F100BF4519 /* Release */,
			);
			defaultConfigurationIsVisible = 0;
			defaultConfigurationName = Release;
		};
/* End XCConfigurationList section */
	};
	rootObject = 4F190CD91F14C9F100BF4519 /* Project object */;
}
